// !$*UTF8*$!
{
	archiveVersion = 1;
	classes = {
	};
	objectVersion = 46;
	objects = {

/* Begin PBXBuildFile section */
		D9FE82DB1D7D57500006C8CC /* AppDelegate.swift in Sources */ = {isa = PBXBuildFile; fileRef = D9FE82DA1D7D57500006C8CC /* AppDelegate.swift */; };
		D9FE82DD1D7D57500006C8CC /* ViewController.swift in Sources */ = {isa = PBXBuildFile; fileRef = D9FE82DC1D7D57500006C8CC /* ViewController.swift */; };
		D9FE82E01D7D57500006C8CC /* Main.storyboard in Resources */ = {isa = PBXBuildFile; fileRef = D9FE82DE1D7D57500006C8CC /* Main.storyboard */; };
		D9FE82E21D7D57500006C8CC /* Assets.xcassets in Resources */ = {isa = PBXBuildFile; fileRef = D9FE82E11D7D57500006C8CC /* Assets.xcassets */; };
		D9FE82E51D7D57500006C8CC /* LaunchScreen.storyboard in Resources */ = {isa = PBXBuildFile; fileRef = D9FE82E31D7D57500006C8CC /* LaunchScreen.storyboard */; };
/* End PBXBuildFile section */

/* Begin PBXFileReference section */
		D9FE82D71D7D57500006C8CC /* AudioUnitRenderIssueExampleProject.app */ = {isa = PBXFileReference; explicitFileType = wrapper.application; includeInIndex = 0; path = AudioUnitRenderIssueExampleProject.app; sourceTree = BUILT_PRODUCTS_DIR; };
		D9FE82DA1D7D57500006C8CC /* AppDelegate.swift */ = {isa = PBXFileReference; lastKnownFileType = sourcecode.swift; path = AppDelegate.swift; sourceTree = "<group>"; };
		D9FE82DC1D7D57500006C8CC /* ViewController.swift */ = {isa = PBXFileReference; lastKnownFileType = sourcecode.swift; path = ViewController.swift; sourceTree = "<group>"; };
		D9FE82DF1D7D57500006C8CC /* Base */ = {isa = PBXFileReference; lastKnownFileType = file.storyboard; name = Base; path = Base.lproj/Main.storyboard; sourceTree = "<group>"; };
		D9FE82E11D7D57500006C8CC /* Assets.xcassets */ = {isa = PBXFileReference; lastKnownFileType = folder.assetcatalog; path = Assets.xcassets; sourceTree = "<group>"; };
		D9FE82E41D7D57500006C8CC /* Base */ = {isa = PBXFileReference; lastKnownFileType = file.storyboard; name = Base; path = Base.lproj/LaunchScreen.storyboard; sourceTree = "<group>"; };
		D9FE82E61D7D57500006C8CC /* Info.plist */ = {isa = PBXFileReference; lastKnownFileType = text.plist.xml; path = Info.plist; sourceTree = "<group>"; };
/* End PBXFileReference section */

/* Begin PBXFrameworksBuildPhase section */
		D9FE82D41D7D57500006C8CC /* Frameworks */ = {
			isa = PBXFrameworksBuildPhase;
			buildActionMask = 2147483647;
			files = (
			);
			runOnlyForDeploymentPostprocessing = 0;
		};
/* End PBXFrameworksBuildPhase section */

/* Begin PBXGroup section */
		D9FE82CE1D7D57500006C8CC = {
			isa = PBXGroup;
			children = (
				D9FE82D91D7D57500006C8CC /* AudioUnitRenderIssueExampleProject */,
				D9FE82D81D7D57500006C8CC /* Products */,
			);
			sourceTree = "<group>";
		};
		D9FE82D81D7D57500006C8CC /* Products */ = {
			isa = PBXGroup;
			children = (
				D9FE82D71D7D57500006C8CC /* AudioUnitRenderIssueExampleProject.app */,
			);
			name = Products;
			sourceTree = "<group>";
		};
		D9FE82D91D7D57500006C8CC /* AudioUnitRenderIssueExampleProject */ = {
			isa = PBXGroup;
			children = (
				D9FE82DA1D7D57500006C8CC /* AppDelegate.swift */,
				D9FE82DC1D7D57500006C8CC /* ViewController.swift */,
				D9FE82DE1D7D57500006C8CC /* Main.storyboard */,
				D9FE82E11D7D57500006C8CC /* Assets.xcassets */,
				D9FE82E31D7D57500006C8CC /* LaunchScreen.storyboard */,
				D9FE82E61D7D57500006C8CC /* Info.plist */,
			);
			path = AudioUnitRenderIssueExampleProject;
			sourceTree = "<group>";
		};
/* End PBXGroup section */

/* Begin PBXNativeTarget section */
		D9FE82D61D7D57500006C8CC /* AudioUnitRenderIssueExampleProject */ = {
			isa = PBXNativeTarget;
			buildConfigurationList = D9FE82E91D7D57500006C8CC /* Build configuration list for PBXNativeTarget "AudioUnitRenderIssueExampleProject" */;
			buildPhases = (
				D9FE82D31D7D57500006C8CC /* Sources */,
				D9FE82D41D7D57500006C8CC /* Frameworks */,
				D9FE82D51D7D57500006C8CC /* Resources */,
			);
			buildRules = (
			);
			dependencies = (
			);
			name = AudioUnitRenderIssueExampleProject;
			productName = AudioUnitRenderIssueExampleProject;
			productReference = D9FE82D71D7D57500006C8CC /* AudioUnitRenderIssueExampleProject.app */;
			productType = "com.apple.product-type.application";
		};
/* End PBXNativeTarget section */

/* Begin PBXProject section */
		D9FE82CF1D7D57500006C8CC /* Project object */ = {
			isa = PBXProject;
			attributes = {
				LastSwiftUpdateCheck = 0730;
				LastUpgradeCheck = 0730;
				ORGANIZATIONNAME = madebysasha;
				TargetAttributes = {
					D9FE82D61D7D57500006C8CC = {
						CreatedOnToolsVersion = 7.3.1;
					};
				};
			};
			buildConfigurationList = D9FE82D21D7D57500006C8CC /* Build configuration list for PBXProject "AudioUnitRenderIssueExampleProject" */;
			compatibilityVersion = "Xcode 3.2";
			developmentRegion = English;
			hasScannedForEncodings = 0;
			knownRegions = (
				en,
				Base,
			);
			mainGroup = D9FE82CE1D7D57500006C8CC;
			productRefGroup = D9FE82D81D7D57500006C8CC /* Products */;
			projectDirPath = "";
			projectRoot = "";
			targets = (
				D9FE82D61D7D57500006C8CC /* AudioUnitRenderIssueExampleProject */,
			);
		};
/* End PBXProject section */

/* Begin PBXResourcesBuildPhase section */
		D9FE82D51D7D57500006C8CC /* Resources */ = {
			isa = PBXResourcesBuildPhase;
			buildActionMask = 2147483647;
			files = (
				D9FE82E51D7D57500006C8CC /* LaunchScreen.storyboard in Resources */,
				D9FE82E21D7D57500006C8CC /* Assets.xcassets in Resources */,
				D9FE82E01D7D57500006C8CC /* Main.storyboard in Resources */,
			);
			runOnlyForDeploymentPostprocessing = 0;
		};
/* End PBXResourcesBuildPhase section */

/* Begin PBXSourcesBuildPhase section */
		D9FE82D31D7D57500006C8CC /* Sources */ = {
			isa = PBXSourcesBuildPhase;
			buildActionMask = 2147483647;
			files = (
				D9FE82DD1D7D57500006C8CC /* ViewController.swift in Sources */,
				D9FE82DB1D7D57500006C8CC /* AppDelegate.swift in Sources */,
			);
			runOnlyForDeploymentPostprocessing = 0;
		};
/* End PBXSourcesBuildPhase section */

/* Begin PBXVariantGroup section */
		D9FE82DE1D7D57500006C8CC /* Main.storyboard */ = {
			isa = PBXVariantGroup;
			children = (
				D9FE82DF1D7D57500006C8CC /* Base */,
			);
			name = Main.storyboard;
			sourceTree = "<group>";
		};
		D9FE82E31D7D57500006C8CC /* LaunchScreen.storyboard */ = {
			isa = PBXVariantGroup;
			children = (
				D9FE82E41D7D57500006C8CC /* Base */,
			);
			name = LaunchScreen.storyboard;
			sourceTree = "<group>";
		};
/* End PBXVariantGroup section */

/* Begin XCBuildConfiguration section */
		D9FE82E71D7D57500006C8CC /* Debug */ = {
			isa = XCBuildConfiguration;
			buildSettings = {
				ALWAYS_SEARCH_USER_PATHS = NO;
				CLANG_ANALYZER_NONNULL = YES;
				CLANG_CXX_LANGUAGE_STANDARD = "gnu++0x";
				CLANG_CXX_LIBRARY = "libc++";
				CLANG_ENABLE_MODULES = YES;
				CLANG_ENABLE_OBJC_ARC = YES;
				CLANG_WARN_BOOL_CONVERSION = YES;
				CLANG_WARN_CONSTANT_CONVERSION = YES;
				CLANG_WARN_DIRECT_OBJC_ISA_USAGE = YES_ERROR;
				CLANG_WARN_EMPTY_BODY = YES;
				CLANG_WARN_ENUM_CONVERSION = YES;
				CLANG_WARN_INT_CONVERSION = YES;
				CLANG_WARN_OBJC_ROOT_CLASS = YES_ERROR;
				CLANG_WARN_UNREACHABLE_CODE = YES;
				CLANG_WARN__DUPLICATE_METHOD_MATCH = YES;
				"CODE_SIGN_IDENTITY[sdk=iphoneos*]" = "iPhone Developer";
				COPY_PHASE_STRIP = NO;
				DEBUG_INFORMATION_FORMAT = dwarf;
				ENABLE_STRICT_OBJC_MSGSEND = YES;
				ENABLE_TESTABILITY = YES;
				GCC_C_LANGUAGE_STANDARD = gnu99;
				GCC_DYNAMIC_NO_PIC = NO;
				GCC_NO_COMMON_BLOCKS = YES;
				GCC_OPTIMIZATION_LEVEL = 0;
				GCC_PREPROCESSOR_DEFINITIONS = (
					"DEBUG=1",
					"$(inherited)",
				);
				GCC_WARN_64_TO_32_BIT_CONVERSION = YES;
				GCC_WARN_ABOUT_RETURN_TYPE = YES_ERROR;
				GCC_WARN_UNDECLARED_SELECTOR = YES;
				GCC_WARN_UNINITIALIZED_AUTOS = YES_AGGRESSIVE;
				GCC_WARN_UNUSED_FUNCTION = YES;
				GCC_WARN_UNUSED_VARIABLE = YES;
				IPHONEOS_DEPLOYMENT_TARGET = 9.3;
				MTL_ENABLE_DEBUG_INFO = YES;
				ONLY_ACTIVE_ARCH = YES;
				SDKROOT = iphoneos;
				SWIFT_OPTIMIZATION_LEVEL = "-Onone";
			};
			name = Debug;
		};
		D9FE82E81D7D57500006C8CC /* Release */ = {
			isa = XCBuildConfiguration;
			buildSettings = {
				ALWAYS_SEARCH_USER_PATHS = NO;
				CLANG_ANALYZER_NONNULL = YES;
				CLANG_CXX_LANGUAGE_STANDARD = "gnu++0x";
				CLANG_CXX_LIBRARY = "libc++";
				CLANG_ENABLE_MODULES = YES;
				CLANG_ENABLE_OBJC_ARC = YES;
				CLANG_WARN_BOOL_CONVERSION = YES;
				CLANG_WARN_CONSTANT_CONVERSION = YES;
				CLANG_WARN_DIRECT_OBJC_ISA_USAGE = YES_ERROR;
				CLANG_WARN_EMPTY_BODY = YES;
				CLANG_WARN_ENUM_CONVERSION = YES;
				CLANG_WARN_INT_CONVERSION = YES;
				CLANG_WARN_OBJC_ROOT_CLASS = YES_ERROR;
				CLANG_WARN_UNREACHABLE_CODE = YES;
				CLANG_WARN__DUPLICATE_METHOD_MATCH = YES;
				"CODE_SIGN_IDENTITY[sdk=iphoneos*]" = "iPhone Developer";
				COPY_PHASE_STRIP = NO;
				DEBUG_INFORMATION_FORMAT = "dwarf-with-dsym";
				ENABLE_NS_ASSERTIONS = NO;
				ENABLE_STRICT_OBJC_MSGSEND = YES;
				GCC_C_LANGUAGE_STANDARD = gnu99;
				GCC_NO_COMMON_BLOCKS = YES;
				GCC_WARN_64_TO_32_BIT_CONVERSION = YES;
				GCC_WARN_ABOUT_RETURN_TYPE = YES_ERROR;
				GCC_WARN_UNDECLARED_SELECTOR = YES;
				GCC_WARN_UNINITIALIZED_AUTOS = YES_AGGRESSIVE;
				GCC_WARN_UNUSED_FUNCTION = YES;
				GCC_WARN_UNUSED_VARIABLE = YES;
				IPHONEOS_DEPLOYMENT_TARGET = 9.3;
				MTL_ENABLE_DEBUG_INFO = NO;
				SDKROOT = iphoneos;
				VALIDATE_PRODUCT = YES;
			};
			name = Release;
		};
		D9FE82EA1D7D57500006C8CC /* Debug */ = {
			isa = XCBuildConfiguration;
			buildSettings = {
				ASSETCATALOG_COMPILER_APPICON_NAME = AppIcon;
				INFOPLIST_FILE = AudioUnitRenderIssueExampleProject/Info.plist;
				LD_RUNPATH_SEARCH_PATHS = "$(inherited) @executable_path/Frameworks";
				PRODUCT_BUNDLE_IDENTIFIER = com.madebysasha.AudioUnitRenderIssueExampleProject;
				PRODUCT_NAME = "$(TARGET_NAME)";
			};
			name = Debug;
		};
		D9FE82EB1D7D57500006C8CC /* Release */ = {
			isa = XCBuildConfiguration;
			buildSettings = {
				ASSETCATALOG_COMPILER_APPICON_NAME = AppIcon;
				INFOPLIST_FILE = AudioUnitRenderIssueExampleProject/Info.plist;
				LD_RUNPATH_SEARCH_PATHS = "$(inherited) @executable_path/Frameworks";
				PRODUCT_BUNDLE_IDENTIFIER = com.madebysasha.AudioUnitRenderIssueExampleProject;
				PRODUCT_NAME = "$(TARGET_NAME)";
			};
			name = Release;
		};
/* End XCBuildConfiguration section */

/* Begin XCConfigurationList section */
		D9FE82D21D7D57500006C8CC /* Build configuration list for PBXProject "AudioUnitRenderIssueExampleProject" */ = {
			isa = XCConfigurationList;
			buildConfigurations = (
				D9FE82E71D7D57500006C8CC /* Debug */,
				D9FE82E81D7D57500006C8CC /* Release */,
			);
			defaultConfigurationIsVisible = 0;
			defaultConfigurationName = Release;
		};
		D9FE82E91D7D57500006C8CC /* Build configuration list for PBXNativeTarget "AudioUnitRenderIssueExampleProject" */ = {
			isa = XCConfigurationList;
			buildConfigurations = (
				D9FE82EA1D7D57500006C8CC /* Debug */,
				D9FE82EB1D7D57500006C8CC /* Release */,
			);
			defaultConfigurationIsVisible = 0;
		};
/* End XCConfigurationList section */
	};
	rootObject = D9FE82CF1D7D57500006C8CC /* Project object */;
}
